// !$*UTF8*$!
{
	archiveVersion = 1;
	classes = {
	};
	objectVersion = 46;
	objects = {

/* Begin PBXBuildFile section */
		04C59CB61CAA959000B4CDBD /* main.m in Sources */ = {isa = PBXBuildFile; fileRef = 04C59CB51CAA959000B4CDBD /* main.m */; };
		04C59CB91CAA959000B4CDBD /* AppDelegate.m in Sources */ = {isa = PBXBuildFile; fileRef = 04C59CB81CAA959000B4CDBD /* AppDelegate.m */; };
		04C59CBC1CAA959000B4CDBD /* ViewController.m in Sources */ = {isa = PBXBuildFile; fileRef = 04C59CBB1CAA959000B4CDBD /* ViewController.m */; };
		04C59CBF1CAA959000B4CDBD /* Main.storyboard in Resources */ = {isa = PBXBuildFile; fileRef = 04C59CBD1CAA959000B4CDBD /* Main.storyboard */; };
		04C59CC11CAA959000B4CDBD /* Assets.xcassets in Resources */ = {isa = PBXBuildFile; fileRef = 04C59CC01CAA959000B4CDBD /* Assets.xcassets */; };
		04C59CC41CAA959000B4CDBD /* LaunchScreen.storyboard in Resources */ = {isa = PBXBuildFile; fileRef = 04C59CC21CAA959000B4CDBD /* LaunchScreen.storyboard */; };
		04C59CCF1CAA959000B4CDBD /* hello_jenkinsTests.m in Sources */ = {isa = PBXBuildFile; fileRef = 04C59CCE1CAA959000B4CDBD /* hello_jenkinsTests.m */; };
		04C59CDA1CAA959000B4CDBD /* hello_jenkinsUITests.m in Sources */ = {isa = PBXBuildFile; fileRef = 04C59CD91CAA959000B4CDBD /* hello_jenkinsUITests.m */; };
/* End PBXBuildFile section */

/* Begin PBXContainerItemProxy section */
		04C59CCB1CAA959000B4CDBD /* PBXContainerItemProxy */ = {
			isa = PBXContainerItemProxy;
			containerPortal = 04C59CA91CAA958F00B4CDBD /* Project object */;
			proxyType = 1;
			remoteGlobalIDString = 04C59CB01CAA958F00B4CDBD;
			remoteInfo = hello_jenkins;
		};
		04C59CD61CAA959000B4CDBD /* PBXContainerItemProxy */ = {
			isa = PBXContainerItemProxy;
			containerPortal = 04C59CA91CAA958F00B4CDBD /* Project object */;
			proxyType = 1;
			remoteGlobalIDString = 04C59CB01CAA958F00B4CDBD;
			remoteInfo = hello_jenkins;
		};
/* End PBXContainerItemProxy section */

/* Begin PBXFileReference section */
		04C59CB11CAA958F00B4CDBD /* hello_jenkins.app */ = {isa = PBXFileReference; explicitFileType = wrapper.application; includeInIndex = 0; path = hello_jenkins.app; sourceTree = BUILT_PRODUCTS_DIR; };
		04C59CB51CAA959000B4CDBD /* main.m */ = {isa = PBXFileReference; lastKnownFileType = sourcecode.c.objc; path = main.m; sourceTree = "<group>"; };
		04C59CB71CAA959000B4CDBD /* AppDelegate.h */ = {isa = PBXFileReference; lastKnownFileType = sourcecode.c.h; path = AppDelegate.h; sourceTree = "<group>"; };
		04C59CB81CAA959000B4CDBD /* AppDelegate.m */ = {isa = PBXFileReference; lastKnownFileType = sourcecode.c.objc; path = AppDelegate.m; sourceTree = "<group>"; };
		04C59CBA1CAA959000B4CDBD /* ViewController.h */ = {isa = PBXFileReference; lastKnownFileType = sourcecode.c.h; path = ViewController.h; sourceTree = "<group>"; };
		04C59CBB1CAA959000B4CDBD /* ViewController.m */ = {isa = PBXFileReference; lastKnownFileType = sourcecode.c.objc; path = ViewController.m; sourceTree = "<group>"; };
		04C59CBE1CAA959000B4CDBD /* Base */ = {isa = PBXFileReference; lastKnownFileType = file.storyboard; name = Base; path = Base.lproj/Main.storyboard; sourceTree = "<group>"; };
		04C59CC01CAA959000B4CDBD /* Assets.xcassets */ = {isa = PBXFileReference; lastKnownFileType = folder.assetcatalog; path = Assets.xcassets; sourceTree = "<group>"; };
		04C59CC31CAA959000B4CDBD /* Base */ = {isa = PBXFileReference; lastKnownFileType = file.storyboard; name = Base; path = Base.lproj/LaunchScreen.storyboard; sourceTree = "<group>"; };
		04C59CC51CAA959000B4CDBD /* Info.plist */ = {isa = PBXFileReference; lastKnownFileType = text.plist.xml; path = Info.plist; sourceTree = "<group>"; };
		04C59CCA1CAA959000B4CDBD /* hello_jenkinsTests.xctest */ = {isa = PBXFileReference; explicitFileType = wrapper.cfbundle; includeInIndex = 0; path = hello_jenkinsTests.xctest; sourceTree = BUILT_PRODUCTS_DIR; };
		04C59CCE1CAA959000B4CDBD /* hello_jenkinsTests.m */ = {isa = PBXFileReference; lastKnownFileType = sourcecode.c.objc; path = hello_jenkinsTests.m; sourceTree = "<group>"; };
		04C59CD01CAA959000B4CDBD /* Info.plist */ = {isa = PBXFileReference; lastKnownFileType = text.plist.xml; path = Info.plist; sourceTree = "<group>"; };
		04C59CD51CAA959000B4CDBD /* hello_jenkinsUITests.xctest */ = {isa = PBXFileReference; explicitFileType = wrapper.cfbundle; includeInIndex = 0; path = hello_jenkinsUITests.xctest; sourceTree = BUILT_PRODUCTS_DIR; };
		04C59CD91CAA959000B4CDBD /* hello_jenkinsUITests.m */ = {isa = PBXFileReference; lastKnownFileType = sourcecode.c.objc; path = hello_jenkinsUITests.m; sourceTree = "<group>"; };
		04C59CDB1CAA959000B4CDBD /* Info.plist */ = {isa = PBXFileReference; lastKnownFileType = text.plist.xml; path = Info.plist; sourceTree = "<group>"; };
/* End PBXFileReference section */

/* Begin PBXFrameworksBuildPhase section */
		04C59CAE1CAA958F00B4CDBD /* Frameworks */ = {
			isa = PBXFrameworksBuildPhase;
			buildActionMask = 2147483647;
			files = (
			);
			runOnlyForDeploymentPostprocessing = 0;
		};
		04C59CC71CAA959000B4CDBD /* Frameworks */ = {
			isa = PBXFrameworksBuildPhase;
			buildActionMask = 2147483647;
			files = (
			);
			runOnlyForDeploymentPostprocessing = 0;
		};
		04C59CD21CAA959000B4CDBD /* Frameworks */ = {
			isa = PBXFrameworksBuildPhase;
			buildActionMask = 2147483647;
			files = (
			);
			runOnlyForDeploymentPostprocessing = 0;
		};
/* End PBXFrameworksBuildPhase section */

/* Begin PBXGroup section */
		04C59CA81CAA958F00B4CDBD = {
			isa = PBXGroup;
			children = (
				04C59CB31CAA959000B4CDBD /* hello_jenkins */,
				04C59CCD1CAA959000B4CDBD /* hello_jenkinsTests */,
				04C59CD81CAA959000B4CDBD /* hello_jenkinsUITests */,
				04C59CB21CAA958F00B4CDBD /* Products */,
			);
			sourceTree = "<group>";
		};
		04C59CB21CAA958F00B4CDBD /* Products */ = {
			isa = PBXGroup;
			children = (
				04C59CB11CAA958F00B4CDBD /* hello_jenkins.app */,
				04C59CCA1CAA959000B4CDBD /* hello_jenkinsTests.xctest */,
				04C59CD51CAA959000B4CDBD /* hello_jenkinsUITests.xctest */,
			);
			name = Products;
			sourceTree = "<group>";
		};
		04C59CB31CAA959000B4CDBD /* hello_jenkins */ = {
			isa = PBXGroup;
			children = (
				04C59CB71CAA959000B4CDBD /* AppDelegate.h */,
				04C59CB81CAA959000B4CDBD /* AppDelegate.m */,
				04C59CBA1CAA959000B4CDBD /* ViewController.h */,
				04C59CBB1CAA959000B4CDBD /* ViewController.m */,
				04C59CBD1CAA959000B4CDBD /* Main.storyboard */,
				04C59CC01CAA959000B4CDBD /* Assets.xcassets */,
				04C59CC21CAA959000B4CDBD /* LaunchScreen.storyboard */,
				04C59CC51CAA959000B4CDBD /* Info.plist */,
				04C59CB41CAA959000B4CDBD /* Supporting Files */,
			);
			path = hello_jenkins;
			sourceTree = "<group>";
		};
		04C59CB41CAA959000B4CDBD /* Supporting Files */ = {
			isa = PBXGroup;
			children = (
				04C59CB51CAA959000B4CDBD /* main.m */,
			);
			name = "Supporting Files";
			sourceTree = "<group>";
		};
		04C59CCD1CAA959000B4CDBD /* hello_jenkinsTests */ = {
			isa = PBXGroup;
			children = (
				04C59CCE1CAA959000B4CDBD /* hello_jenkinsTests.m */,
				04C59CD01CAA959000B4CDBD /* Info.plist */,
			);
			path = hello_jenkinsTests;
			sourceTree = "<group>";
		};
		04C59CD81CAA959000B4CDBD /* hello_jenkinsUITests */ = {
			isa = PBXGroup;
			children = (
				04C59CD91CAA959000B4CDBD /* hello_jenkinsUITests.m */,
				04C59CDB1CAA959000B4CDBD /* Info.plist */,
			);
			path = hello_jenkinsUITests;
			sourceTree = "<group>";
		};
/* End PBXGroup section */

/* Begin PBXNativeTarget section */
		04C59CB01CAA958F00B4CDBD /* hello_jenkins */ = {
			isa = PBXNativeTarget;
			buildConfigurationList = 04C59CDE1CAA959000B4CDBD /* Build configuration list for PBXNativeTarget "hello_jenkins" */;
			buildPhases = (
				04C59CAD1CAA958F00B4CDBD /* Sources */,
				04C59CAE1CAA958F00B4CDBD /* Frameworks */,
				04C59CAF1CAA958F00B4CDBD /* Resources */,
			);
			buildRules = (
			);
			dependencies = (
			);
			name = hello_jenkins;
			productName = hello_jenkins;
			productReference = 04C59CB11CAA958F00B4CDBD /* hello_jenkins.app */;
			productType = "com.apple.product-type.application";
		};
		04C59CC91CAA959000B4CDBD /* hello_jenkinsTests */ = {
			isa = PBXNativeTarget;
			buildConfigurationList = 04C59CE11CAA959000B4CDBD /* Build configuration list for PBXNativeTarget "hello_jenkinsTests" */;
			buildPhases = (
				04C59CC61CAA959000B4CDBD /* Sources */,
				04C59CC71CAA959000B4CDBD /* Frameworks */,
				04C59CC81CAA959000B4CDBD /* Resources */,
			);
			buildRules = (
			);
			dependencies = (
				04C59CCC1CAA959000B4CDBD /* PBXTargetDependency */,
			);
			name = hello_jenkinsTests;
			productName = hello_jenkinsTests;
			productReference = 04C59CCA1CAA959000B4CDBD /* hello_jenkinsTests.xctest */;
			productType = "com.apple.product-type.bundle.unit-test";
		};
		04C59CD41CAA959000B4CDBD /* hello_jenkinsUITests */ = {
			isa = PBXNativeTarget;
			buildConfigurationList = 04C59CE41CAA959000B4CDBD /* Build configuration list for PBXNativeTarget "hello_jenkinsUITests" */;
			buildPhases = (
				04C59CD11CAA959000B4CDBD /* Sources */,
				04C59CD21CAA959000B4CDBD /* Frameworks */,
				04C59CD31CAA959000B4CDBD /* Resources */,
			);
			buildRules = (
			);
			dependencies = (
				04C59CD71CAA959000B4CDBD /* PBXTargetDependency */,
			);
			name = hello_jenkinsUITests;
			productName = hello_jenkinsUITests;
			productReference = 04C59CD51CAA959000B4CDBD /* hello_jenkinsUITests.xctest */;
			productType = "com.apple.product-type.bundle.ui-testing";
		};
/* End PBXNativeTarget section */

/* Begin PBXProject section */
		04C59CA91CAA958F00B4CDBD /* Project object */ = {
			isa = PBXProject;
			attributes = {
				LastUpgradeCheck = 0730;
				ORGANIZATIONNAME = TUTK;
				TargetAttributes = {
					04C59CB01CAA958F00B4CDBD = {
						CreatedOnToolsVersion = 7.3;
					};
					04C59CC91CAA959000B4CDBD = {
						CreatedOnToolsVersion = 7.3;
						TestTargetID = 04C59CB01CAA958F00B4CDBD;
					};
					04C59CD41CAA959000B4CDBD = {
						CreatedOnToolsVersion = 7.3;
						TestTargetID = 04C59CB01CAA958F00B4CDBD;
					};
				};
			};
			buildConfigurationList = 04C59CAC1CAA958F00B4CDBD /* Build configuration list for PBXProject "hello_jenkins" */;
			compatibilityVersion = "Xcode 3.2";
			developmentRegion = English;
			hasScannedForEncodings = 0;
			knownRegions = (
				en,
				Base,
			);
			mainGroup = 04C59CA81CAA958F00B4CDBD;
			productRefGroup = 04C59CB21CAA958F00B4CDBD /* Products */;
			projectDirPath = "";
			projectRoot = "";
			targets = (
				04C59CB01CAA958F00B4CDBD /* hello_jenkins */,
				04C59CC91CAA959000B4CDBD /* hello_jenkinsTests */,
				04C59CD41CAA959000B4CDBD /* hello_jenkinsUITests */,
			);
		};
/* End PBXProject section */

/* Begin PBXResourcesBuildPhase section */
		04C59CAF1CAA958F00B4CDBD /* Resources */ = {
			isa = PBXResourcesBuildPhase;
			buildActionMask = 2147483647;
			files = (
				04C59CC41CAA959000B4CDBD /* LaunchScreen.storyboard in Resources */,
				04C59CC11CAA959000B4CDBD /* Assets.xcassets in Resources */,
				04C59CBF1CAA959000B4CDBD /* Main.storyboard in Resources */,
			);
			runOnlyForDeploymentPostprocessing = 0;
		};
		04C59CC81CAA959000B4CDBD /* Resources */ = {
			isa = PBXResourcesBuildPhase;
			buildActionMask = 2147483647;
			files = (
			);
			runOnlyForDeploymentPostprocessing = 0;
		};
		04C59CD31CAA959000B4CDBD /* Resources */ = {
			isa = PBXResourcesBuildPhase;
			buildActionMask = 2147483647;
			files = (
			);
			runOnlyForDeploymentPostprocessing = 0;
		};
/* End PBXResourcesBuildPhase section */

/* Begin PBXSourcesBuildPhase section */
		04C59CAD1CAA958F00B4CDBD /* Sources */ = {
			isa = PBXSourcesBuildPhase;
			buildActionMask = 2147483647;
			files = (
				04C59CBC1CAA959000B4CDBD /* ViewController.m in Sources */,
				04C59CB91CAA959000B4CDBD /* AppDelegate.m in Sources */,
				04C59CB61CAA959000B4CDBD /* main.m in Sources */,
			);
			runOnlyForDeploymentPostprocessing = 0;
		};
		04C59CC61CAA959000B4CDBD /* Sources */ = {
			isa = PBXSourcesBuildPhase;
			buildActionMask = 2147483647;
			files = (
				04C59CCF1CAA959000B4CDBD /* hello_jenkinsTests.m in Sources */,
			);
			runOnlyForDeploymentPostprocessing = 0;
		};
		04C59CD11CAA959000B4CDBD /* Sources */ = {
			isa = PBXSourcesBuildPhase;
			buildActionMask = 2147483647;
			files = (
				04C59CDA1CAA959000B4CDBD /* hello_jenkinsUITests.m in Sources */,
			);
			runOnlyForDeploymentPostprocessing = 0;
		};
/* End PBXSourcesBuildPhase section */

/* Begin PBXTargetDependency section */
		04C59CCC1CAA959000B4CDBD /* PBXTargetDependency */ = {
			isa = PBXTargetDependency;
			target = 04C59CB01CAA958F00B4CDBD /* hello_jenkins */;
			targetProxy = 04C59CCB1CAA959000B4CDBD /* PBXContainerItemProxy */;
		};
		04C59CD71CAA959000B4CDBD /* PBXTargetDependency */ = {
			isa = PBXTargetDependency;
			target = 04C59CB01CAA958F00B4CDBD /* hello_jenkins */;
			targetProxy = 04C59CD61CAA959000B4CDBD /* PBXContainerItemProxy */;
		};
/* End PBXTargetDependency section */

/* Begin PBXVariantGroup section */
		04C59CBD1CAA959000B4CDBD /* Main.storyboard */ = {
			isa = PBXVariantGroup;
			children = (
				04C59CBE1CAA959000B4CDBD /* Base */,
			);
			name = Main.storyboard;
			sourceTree = "<group>";
		};
		04C59CC21CAA959000B4CDBD /* LaunchScreen.storyboard */ = {
			isa = PBXVariantGroup;
			children = (
				04C59CC31CAA959000B4CDBD /* Base */,
			);
			name = LaunchScreen.storyboard;
			sourceTree = "<group>";
		};
/* End PBXVariantGroup section */

/* Begin XCBuildConfiguration section */
		04C59CDC1CAA959000B4CDBD /* Debug */ = {
			isa = XCBuildConfiguration;
			buildSettings = {
				ALWAYS_SEARCH_USER_PATHS = NO;
				CLANG_ANALYZER_NONNULL = YES;
				CLANG_CXX_LANGUAGE_STANDARD = "gnu++0x";
				CLANG_CXX_LIBRARY = "libc++";
				CLANG_ENABLE_MODULES = YES;
				CLANG_ENABLE_OBJC_ARC = YES;
				CLANG_WARN_BOOL_CONVERSION = YES;
				CLANG_WARN_CONSTANT_CONVERSION = YES;
				CLANG_WARN_DIRECT_OBJC_ISA_USAGE = YES_ERROR;
				CLANG_WARN_EMPTY_BODY = YES;
				CLANG_WARN_ENUM_CONVERSION = YES;
				CLANG_WARN_INT_CONVERSION = YES;
				CLANG_WARN_OBJC_ROOT_CLASS = YES_ERROR;
				CLANG_WARN_UNREACHABLE_CODE = YES;
				CLANG_WARN__DUPLICATE_METHOD_MATCH = YES;
				"CODE_SIGN_IDENTITY[sdk=iphoneos*]" = "iPhone Developer";
				COPY_PHASE_STRIP = NO;
				DEBUG_INFORMATION_FORMAT = dwarf;
				ENABLE_STRICT_OBJC_MSGSEND = YES;
				ENABLE_TESTABILITY = YES;
				GCC_C_LANGUAGE_STANDARD = gnu99;
				GCC_DYNAMIC_NO_PIC = NO;
				GCC_NO_COMMON_BLOCKS = YES;
				GCC_OPTIMIZATION_LEVEL = 0;
				GCC_PREPROCESSOR_DEFINITIONS = (
					"DEBUG=1",
					"$(inherited)",
				);
				GCC_WARN_64_TO_32_BIT_CONVERSION = YES;
				GCC_WARN_ABOUT_RETURN_TYPE = YES_ERROR;
				GCC_WARN_UNDECLARED_SELECTOR = YES;
				GCC_WARN_UNINITIALIZED_AUTOS = YES_AGGRESSIVE;
				GCC_WARN_UNUSED_FUNCTION = YES;
				GCC_WARN_UNUSED_VARIABLE = YES;
				IPHONEOS_DEPLOYMENT_TARGET = 9.3;
				MTL_ENABLE_DEBUG_INFO = YES;
				ONLY_ACTIVE_ARCH = YES;
				SDKROOT = iphoneos;
			};
			name = Debug;
		};
		04C59CDD1CAA959000B4CDBD /* Release */ = {
			isa = XCBuildConfiguration;
			buildSettings = {
				ALWAYS_SEARCH_USER_PATHS = NO;
				CLANG_ANALYZER_NONNULL = YES;
				CLANG_CXX_LANGUAGE_STANDARD = "gnu++0x";
				CLANG_CXX_LIBRARY = "libc++";
				CLANG_ENABLE_MODULES = YES;
				CLANG_ENABLE_OBJC_ARC = YES;
				CLANG_WARN_BOOL_CONVERSION = YES;
				CLANG_WARN_CONSTANT_CONVERSION = YES;
				CLANG_WARN_DIRECT_OBJC_ISA_USAGE = YES_ERROR;
				CLANG_WARN_EMPTY_BODY = YES;
				CLANG_WARN_ENUM_CONVERSION = YES;
				CLANG_WARN_INT_CONVERSION = YES;
				CLANG_WARN_OBJC_ROOT_CLASS = YES_ERROR;
				CLANG_WARN_UNREACHABLE_CODE = YES;
				CLANG_WARN__DUPLICATE_METHOD_MATCH = YES;
				"CODE_SIGN_IDENTITY[sdk=iphoneos*]" = "iPhone Developer";
				COPY_PHASE_STRIP = NO;
				DEBUG_INFORMATION_FORMAT = "dwarf-with-dsym";
				ENABLE_NS_ASSERTIONS = NO;
				ENABLE_STRICT_OBJC_MSGSEND = YES;
				GCC_C_LANGUAGE_STANDARD = gnu99;
				GCC_NO_COMMON_BLOCKS = YES;
				GCC_WARN_64_TO_32_BIT_CONVERSION = YES;
				GCC_WARN_ABOUT_RETURN_TYPE = YES_ERROR;
				GCC_WARN_UNDECLARED_SELECTOR = YES;
				GCC_WARN_UNINITIALIZED_AUTOS = YES_AGGRESSIVE;
				GCC_WARN_UNUSED_FUNCTION = YES;
				GCC_WARN_UNUSED_VARIABLE = YES;
				IPHONEOS_DEPLOYMENT_TARGET = 9.3;
				MTL_ENABLE_DEBUG_INFO = NO;
				SDKROOT = iphoneos;
				VALIDATE_PRODUCT = YES;
			};
			name = Release;
		};
		04C59CDF1CAA959000B4CDBD /* Debug */ = {
			isa = XCBuildConfiguration;
			buildSettings = {
				ASSETCATALOG_COMPILER_APPICON_NAME = AppIcon;
				INFOPLIST_FILE = hello_jenkins/Info.plist;
				LD_RUNPATH_SEARCH_PATHS = "$(inherited) @executable_path/Frameworks";
				PRODUCT_BUNDLE_IDENTIFIER = "TUTK.hello-jenkins";
				PRODUCT_NAME = "$(TARGET_NAME)";
			};
			name = Debug;
		};
		04C59CE01CAA959000B4CDBD /* Release */ = {
			isa = XCBuildConfiguration;
			buildSettings = {
				ASSETCATALOG_COMPILER_APPICON_NAME = AppIcon;
				INFOPLIST_FILE = hello_jenkins/Info.plist;
				LD_RUNPATH_SEARCH_PATHS = "$(inherited) @executable_path/Frameworks";
				PRODUCT_BUNDLE_IDENTIFIER = "TUTK.hello-jenkins";
				PRODUCT_NAME = "$(TARGET_NAME)";
			};
			name = Release;
		};
		04C59CE21CAA959000B4CDBD /* Debug */ = {
			isa = XCBuildConfiguration;
			buildSettings = {
				BUNDLE_LOADER = "$(TEST_HOST)";
				INFOPLIST_FILE = hello_jenkinsTests/Info.plist;
				LD_RUNPATH_SEARCH_PATHS = "$(inherited) @executable_path/Frameworks @loader_path/Frameworks";
				PRODUCT_BUNDLE_IDENTIFIER = "TUTK.hello-jenkinsTests";
				PRODUCT_NAME = "$(TARGET_NAME)";
				TEST_HOST = "$(BUILT_PRODUCTS_DIR)/hello_jenkins.app/hello_jenkins";
			};
			name = Debug;
		};
		04C59CE31CAA959000B4CDBD /* Release */ = {
			isa = XCBuildConfiguration;
			buildSettings = {
				BUNDLE_LOADER = "$(TEST_HOST)";
				INFOPLIST_FILE = hello_jenkinsTests/Info.plist;
				LD_RUNPATH_SEARCH_PATHS = "$(inherited) @executable_path/Frameworks @loader_path/Frameworks";
				PRODUCT_BUNDLE_IDENTIFIER = "TUTK.hello-jenkinsTests";
				PRODUCT_NAME = "$(TARGET_NAME)";
				TEST_HOST = "$(BUILT_PRODUCTS_DIR)/hello_jenkins.app/hello_jenkins";
			};
			name = Release;
		};
		04C59CE51CAA959000B4CDBD /* Debug */ = {
			isa = XCBuildConfiguration;
			buildSettings = {
				INFOPLIST_FILE = hello_jenkinsUITests/Info.plist;
				LD_RUNPATH_SEARCH_PATHS = "$(inherited) @executable_path/Frameworks @loader_path/Frameworks";
				PRODUCT_BUNDLE_IDENTIFIER = "TUTK.hello-jenkinsUITests";
				PRODUCT_NAME = "$(TARGET_NAME)";
				TEST_TARGET_NAME = hello_jenkins;
			};
			name = Debug;
		};
		04C59CE61CAA959000B4CDBD /* Release */ = {
			isa = XCBuildConfiguration;
			buildSettings = {
				INFOPLIST_FILE = hello_jenkinsUITests/Info.plist;
				LD_RUNPATH_SEARCH_PATHS = "$(inherited) @executable_path/Frameworks @loader_path/Frameworks";
				PRODUCT_BUNDLE_IDENTIFIER = "TUTK.hello-jenkinsUITests";
				PRODUCT_NAME = "$(TARGET_NAME)";
				TEST_TARGET_NAME = hello_jenkins;
			};
			name = Release;
		};
/* End XCBuildConfiguration section */

/* Begin XCConfigurationList section */
		04C59CAC1CAA958F00B4CDBD /* Build configuration list for PBXProject "hello_jenkins" */ = {
			isa = XCConfigurationList;
			buildConfigurations = (
				04C59CDC1CAA959000B4CDBD /* Debug */,
				04C59CDD1CAA959000B4CDBD /* Release */,
			);
			defaultConfigurationIsVisible = 0;
			defaultConfigurationName = Release;
		};
		04C59CDE1CAA959000B4CDBD /* Build configuration list for PBXNativeTarget "hello_jenkins" */ = {
			isa = XCConfigurationList;
			buildConfigurations = (
				04C59CDF1CAA959000B4CDBD /* Debug */,
				04C59CE01CAA959000B4CDBD /* Release */,
			);
			defaultConfigurationIsVisible = 0;
		};
		04C59CE11CAA959000B4CDBD /* Build configuration list for PBXNativeTarget "hello_jenkinsTests" */ = {
			isa = XCConfigurationList;
			buildConfigurations = (
				04C59CE21CAA959000B4CDBD /* Debug */,
				04C59CE31CAA959000B4CDBD /* Release */,
			);
			defaultConfigurationIsVisible = 0;
		};
		04C59CE41CAA959000B4CDBD /* Build configuration list for PBXNativeTarget "hello_jenkinsUITests" */ = {
			isa = XCConfigurationList;
			buildConfigurations = (
				04C59CE51CAA959000B4CDBD /* Debug */,
				04C59CE61CAA959000B4CDBD /* Release */,
			);
			defaultConfigurationIsVisible = 0;
		};
/* End XCConfigurationList section */
	};
	rootObject = 04C59CA91CAA958F00B4CDBD /* Project object */;
}
